
Microsoft Visual Studio Solution File, Format Version 12.00
# Visual Studio Version 16
VisualStudioVersion = 16.0.29403.142
MinimumVisualStudioVersion = 10.0.40219.1
Project("{FAE04EC0-301F-11D3-BF4B-00C04F79EFBC}") = "Reader1", "Reader1\Reader1.csproj", "{B9B31E48-377C-454F-BB7E-0C196A2EA861}"
EndProject
Global
	GlobalSection(SolutionConfigurationPlatforms) = preSolution
		Debug|Any CPU = Debug|Any CPU
		Release|Any CPU = Release|Any CPU
	EndGlobalSection
	GlobalSection(ProjectConfigurationPlatforms) = postSolution
		{B9B31E48-377C-454F-BB7E-0C196A2EA861}.Debug|Any CPU.ActiveCfg = Debug|Any CPU
		{B9B31E48-377C-454F-BB7E-0C196A2EA861}.Debug|Any CPU.Build.0 = Debug|Any CPU
		{B9B31E48-377C-454F-BB7E-0C196A2EA861}.Release|Any CPU.ActiveCfg = Release|Any CPU
		{B9B31E48-377C-454F-BB7E-0C196A2EA861}.Release|Any CPU.Build.0 = Release|Any CPU
	EndGlobalSection
	GlobalSection(SolutionProperties) = preSolution
		HideSolutionNode = FALSE
	EndGlobalSection
	GlobalSection(ExtensibilityGlobals) = postSolution
		SolutionGuid = {68A8FBE5-D579-4CBD-A0AE-D3E1705DA30E}
	EndGlobalSection
EndGlobal
